
Microsoft Visual Studio Solution File, Format Version 12.00
# Visual Studio 15
VisualStudioVersion = 15.0.27703.2035
MinimumVisualStudioVersion = 10.0.40219.1
Project("{FAE04EC0-301F-11D3-BF4B-00C04F79EFBC}") = "WebApiTokenDemo", "WebApiTokenDemo\WebApiTokenDemo.csproj", "{0E4F5F8B-E1F2-42D7-8F92-7724B9A0E0C7}"
EndProject
Global
	GlobalSection(SolutionConfigurationPlatforms) = preSolution
		Debug|Any CPU = Debug|Any CPU
		Release|Any CPU = Release|Any CPU
	EndGlobalSection
	GlobalSection(ProjectConfigurationPlatforms) = postSolution
		{0E4F5F8B-E1F2-42D7-8F92-7724B9A0E0C7}.Debug|Any CPU.ActiveCfg = Debug|Any CPU
		{0E4F5F8B-E1F2-42D7-8F92-7724B9A0E0C7}.Debug|Any CPU.Build.0 = Debug|Any CPU
		{0E4F5F8B-E1F2-42D7-8F92-7724B9A0E0C7}.Release|Any CPU.ActiveCfg = Release|Any CPU
		{0E4F5F8B-E1F2-42D7-8F92-7724B9A0E0C7}.Release|Any CPU.Build.0 = Release|Any CPU
	EndGlobalSection
	GlobalSection(SolutionProperties) = preSolution
		HideSolutionNode = FALSE
	EndGlobalSection
	GlobalSection(ExtensibilityGlobals) = postSolution
		SolutionGuid = {126EFBF0-59C2-4E67-AED6-2CCD9E5A5BF2}
	EndGlobalSection
EndGlobal
